# THIS IS AN AUTOGENERATED FILE. DO NOT EDIT THIS FILE DIRECTLY.
# yarn lockfile v1


"@cbor-extract/cbor-extract-darwin-arm64@2.0.0":
  version "2.0.0"
  resolved "https://registry.yarnpkg.com/@cbor-extract/cbor-extract-darwin-arm64/-/cbor-extract-darwin-arm64-2.0.0.tgz#cf0667e4c22111c9d45e16c29964892b12460a76"
  integrity sha512-jebtLrruvsBbGMsUn0QxZW/8Z7caS9OkszVKZ64WTWajUkyohmolUdKL2nbfaTyyi3ABJrxVNM4YO1pvMsNI1g==

"@cbor-extract/cbor-extract-darwin-x64@2.0.0":
  version "2.0.0"
  resolved "https://registry.yarnpkg.com/@cbor-extract/cbor-extract-darwin-x64/-/cbor-extract-darwin-x64-2.0.0.tgz#7bc01e7911b97eee4c78ae074bd3108f2ff208c3"
  integrity sha512-LGYjdlyqANBqCDzBujCqXpPcK70rvaQgw98/aquzBuEmK0KXS7i579CoVG1yS/eb3bMqiVPevBri45jbR6Tlsg==

"@cbor-extract/cbor-extract-linux-arm64@2.0.0":
  version "2.0.0"
  resolved "https://registry.yarnpkg.com/@cbor-extract/cbor-extract-linux-arm64/-/cbor-extract-linux-arm64-2.0.0.tgz#e40608afed5f373091560fa9dcd19c7f52f510b0"
  integrity sha512-c1rbQcSF01yVgbG60zEfHNsUkXiEEQRNdYqm5qpqEAkLx4gA6DDU91IQbalkqXfwDuQzcMovOc1TC3uJJIi2OQ==

"@cbor-extract/cbor-extract-linux-arm@2.0.0":
  version "2.0.0"
  resolved "https://registry.yarnpkg.com/@cbor-extract/cbor-extract-linux-arm/-/cbor-extract-linux-arm-2.0.0.tgz#f52a7580fb23e305370e66ae9ff136de3729c4b8"
  integrity sha512-cOGHEIif5rPbpix6qhpuatrZzm6HeC5rT0nXt8ynLTc7PzfXmovswD9x6d9h5NcHswkV5y3PbkNbpel/tLADYg==

"@cbor-extract/cbor-extract-linux-x64@2.0.0":
  version "2.0.0"
  resolved "https://registry.yarnpkg.com/@cbor-extract/cbor-extract-linux-x64/-/cbor-extract-linux-x64-2.0.0.tgz#8c936b8a93f915bf3c2459d5b4b78d244bda0f26"
  integrity sha512-WYeE1b5WGf9pbbQH3qeNBXq710gGsuVFUiP148RY8In+2pCp/fxjBpe701ngam9/fF5D+gJs8B1i5wv/PN7JZA==

"@cbor-extract/cbor-extract-win32-x64@2.0.0":
  version "2.0.0"
  resolved "https://registry.yarnpkg.com/@cbor-extract/cbor-extract-win32-x64/-/cbor-extract-win32-x64-2.0.0.tgz#4d4ad91527a8313c3db1e2167a8821dfae9d6211"
  integrity sha512-XqVuJEnE0jpl/RkuSp04FF2UE73gY52Y4nZaIE6j9GAeSH2cHYU5CCd4TaVMDi2M18ZpZv7XhL/k+nneQzyJpQ==

cbor-extract@^2.0.2:
  version "2.0.2"
  resolved "https://registry.yarnpkg.com/cbor-extract/-/cbor-extract-2.0.2.tgz#8e45339627fb8b47071e8e71138c630019125939"
  integrity sha512-QoLGEgPff03ad/L66P91ci5Zmf7Woq8bh4H5XT3+D5annlrPH5ObHf2Yvo53eDQaDkQtF9tJwMKSWANGXDmwUA==
  dependencies:
    node-gyp-build-optional-packages "5.0.3"
  optionalDependencies:
    "@cbor-extract/cbor-extract-darwin-arm64" "2.0.0"
    "@cbor-extract/cbor-extract-darwin-x64" "2.0.0"
    "@cbor-extract/cbor-extract-linux-arm" "2.0.0"
    "@cbor-extract/cbor-extract-linux-arm64" "2.0.0"
    "@cbor-extract/cbor-extract-linux-x64" "2.0.0"
    "@cbor-extract/cbor-extract-win32-x64" "2.0.0"

cbor-x@^1.3.1:
  version "1.3.1"
  resolved "https://registry.yarnpkg.com/cbor-x/-/cbor-x-1.3.1.tgz#c325936a6319041b0d3ae7db4b8acf8f59a17bc5"
  integrity sha512-SqCzL9r7Q5QpIgvlr2vla/Y23lPQehftVtUTGNEEMGNpWg0embqg9dxi8dfhuiPWTsQTcT09LgJ9xf2/nZUMZA==
  optionalDependencies:
    cbor-extract "^2.0.2"

data-uri-to-buffer@^4.0.0:
  version "4.0.0"
  resolved "https://registry.yarnpkg.com/data-uri-to-buffer/-/data-uri-to-buffer-4.0.0.tgz#b5db46aea50f6176428ac05b73be39a57701a64b"
  integrity sha512-Vr3mLBA8qWmcuschSLAOogKgQ/Jwxulv3RNE4FXnYWRGujzrRWQI4m12fQqRkwX06C0KanhLr4hK+GydchZsaA==

fetch-blob@^3.1.2, fetch-blob@^3.1.4:
  version "3.2.0"
  resolved "https://registry.yarnpkg.com/fetch-blob/-/fetch-blob-3.2.0.tgz#f09b8d4bbd45adc6f0c20b7e787e793e309dcce9"
  integrity sha512-7yAQpD2UMJzLi1Dqv7qFYnPbaPx7ZfFK6PiIxQ4PfkGPyNyl2Ugx+a/umUonmKqjhM4DnfbMvdX6otXq83soQQ==
  dependencies:
    node-domexception "^1.0.0"
    web-streams-polyfill "^3.0.3"

formdata-polyfill@^4.0.10:
  version "4.0.10"
  resolved "https://registry.yarnpkg.com/formdata-polyfill/-/formdata-polyfill-4.0.10.tgz#24807c31c9d402e002ab3d8c720144ceb8848423"
  integrity sha512-buewHzMvYL29jdeQTVILecSaZKnt/RJWjoZCF5OW60Z67/GmSLBkOFM7qh1PI3zFNtJbaZL5eQu1vLfazOwj4g==
  dependencies:
    fetch-blob "^3.1.2"

node-domexception@^1.0.0:
  version "1.0.0"
  resolved "https://registry.yarnpkg.com/node-domexception/-/node-domexception-1.0.0.tgz#6888db46a1f71c0b76b3f7555016b63fe64766e5"
  integrity sha512-/jKZoMpw0F8GRwl4/eLROPA3cfcXtLApP0QzLmUT/HuPCZWyB7IY9ZrMeKw2O/nFIqPQB3PVM9aYm0F312AXDQ==

node-fetch@^3.2.8:
  version "3.2.8"
  resolved "https://registry.yarnpkg.com/node-fetch/-/node-fetch-3.2.8.tgz#0d9516dcf43a758d78d6dbe538adf0b1f6a4944e"
  integrity sha512-KtpD1YhGszhntMpBDyp5lyagk8KIMopC1LEb7cQUAh7zcosaX5uK8HnbNb2i3NTQK3sIawCItS0uFC3QzcLHdg==
  dependencies:
    data-uri-to-buffer "^4.0.0"
    fetch-blob "^3.1.4"
    formdata-polyfill "^4.0.10"

node-gyp-build-optional-packages@5.0.3:
  version "5.0.3"
  resolved "https://registry.yarnpkg.com/node-gyp-build-optional-packages/-/node-gyp-build-optional-packages-5.0.3.tgz#92a89d400352c44ad3975010368072b41ad66c17"
  integrity sha512-k75jcVzk5wnnc/FMxsf4udAoTEUv2jY3ycfdSd3yWu6Cnd1oee6/CfZJApyscA4FJOmdoixWwiwOyf16RzD5JA==

web-streams-polyfill@^3.0.3:
  version "3.2.1"
  resolved "https://registry.yarnpkg.com/web-streams-polyfill/-/web-streams-polyfill-3.2.1.tgz#71c2718c52b45fd49dbeee88634b3a60ceab42a6"
  integrity sha512-e0MO3wdXWKrLbL0DgGnUV7WHVuw9OUvL4hjgnPkIeEvESk74gAITi5G606JtZPp39cd8HA9VQzCIvA49LpPN5Q==
